%{
  "axon": {:hex, :axon, "0.7.0", "2e2c6d93b4afcfa812566b8922204fa022b60081e86ebd411df4db7ea30f5457", [:mix], [{:kino, "~> 0.7", [hex: :kino, repo: "hexpm", optional: true]}, {:kino_vega_lite, "~> 0.1.7", [hex: :kino_vega_lite, repo: "hexpm", optional: true]}, {:nx, "~> 0.9", [hex: :nx, repo: "hexpm", optional: false]}, {:polaris, "~> 0.1", [hex: :polaris, repo: "hexpm", optional: false]}, {:table_rex, "~> 3.1.1", [hex: :table_rex, repo: "hexpm", optional: true]}], "hexpm", "ee9857a143c9486597ceff434e6ca833dc1241be6158b01025b8217757ed1036"},
  "bcrypt_elixir": {:hex, :bcrypt_elixir, "3.3.2", "d50091e3c9492d73e17fc1e1619a9b09d6a5ef99160eb4d736926fd475a16ca3", [:make, :mix], [{:comeonin, "~> 5.3", [hex: :comeonin, repo: "hexpm", optional: false]}, {:elixir_make, "~> 0.6", [hex: :elixir_make, repo: "hexpm", optional: false]}], "hexpm", "471be5151874ae7931911057d1467d908955f93554f7a6cd1b7d804cac8cef53"},
  "bumblebee": {:hex, :bumblebee, "0.6.3", "c0028643c92de93258a9804da1d4d48797eaf7911b702464b3b3dd2cc7f938f1", [:mix], [{:axon, "~> 0.7.0", [hex: :axon, repo: "hexpm", optional: false]}, {:jason, "~> 1.4.0", [hex: :jason, repo: "hexpm", optional: false]}, {:nx, "~> 0.9.0 or ~> 0.10.0", [hex: :nx, repo: "hexpm", optional: false]}, {:nx_image, "~> 0.1.0", [hex: :nx_image, repo: "hexpm", optional: false]}, {:nx_signal, "~> 0.2.0", [hex: :nx_signal, repo: "hexpm", optional: false]}, {:progress_bar, "~> 3.0", [hex: :progress_bar, repo: "hexpm", optional: false]}, {:safetensors, "~> 0.1.3", [hex: :safetensors, repo: "hexpm", optional: false]}, {:tokenizers, "~> 0.4", [hex: :tokenizers, repo: "hexpm", optional: false]}, {:unpickler, "~> 0.1.0", [hex: :unpickler, repo: "hexpm", optional: false]}, {:unzip, "~> 0.12.0", [hex: :unzip, repo: "hexpm", optional: false]}], "hexpm", "c619197787561f8e5fb2ffba269c341654accaec9d591999b7fddd55761dd079"},
  "castore": {:hex, :castore, "1.0.19", "6903cabdfd9d1af46454126e7c8385186659dd33ecfb74a885cae52221ad6109", [:mix], [], "hexpm", "3669e6cab13f54c2df26b3e6833745d647f35b6e30d8ddd5975df0d5c842ca98"},
  "cc_precompiler": {:hex, :cc_precompiler, "0.1.11", "8c844d0b9fb98a3edea067f94f616b3f6b29b959b6b3bf25fee94ffe34364768", [:mix], [{:elixir_make, "~> 0.7", [hex: :elixir_make, repo: "hexpm", optional: false]}], "hexpm", "3427232caf0835f94680e5bcf082408a70b48ad68a5f5c0b02a3bea9f3a075b9"},
  "certifi": {:hex, :certifi, "2.15.0", "0e6e882fcdaaa0a5a9f2b3db55b1394dba07e8d6d9bcad08318fb604c6839712", [:rebar3], [], "hexpm", "b147ed22ce71d72eafdad94f055165c1c182f61a2ff49df28bcc71d1d5b94a60"},
  "comeonin": {:hex, :comeonin, "5.5.1", "5113e5f3800799787de08a6e0db307133850e635d34e9fab23c70b6501669510", [:mix], [], "hexpm", "65aac8f19938145377cee73973f192c5645873dcf550a8a6b18187d17c13ccdb"},
  "complex": {:hex, :complex, "0.6.0", "b0130086a7a8c33574d293b2e0e250f4685580418eac52a5658a4bd148f3ccf1", [:mix], [], "hexpm", "0a5fa95580dcaf30fcd60fe1aaf24327c0fe401e98c24d892e172e79498269f9"},
  "cowboy": {:hex, :cowboy, "2.15.0", "9cfe86ed7117bf045e10adbedb0170af7be57f2a3637e7be143433d8dd267396", [:make, :rebar3], [{:cowlib, ">= 2.16.0 and < 3.0.0", [hex: :cowlib, repo: "hexpm", optional: false]}, {:ranch, ">= 1.8.0 and < 3.0.0", [hex: :ranch, repo: "hexpm", optional: false]}], "hexpm", "179fb65140fb440a17b767ad53b755081506f9596c4db5c49c0396d8c8643668"},
  "cowboy_telemetry": {:hex, :cowboy_telemetry, "0.4.0", "f239f68b588efa7707abce16a84d0d2acf3a0f50571f8bb7f56a15865aae820c", [:rebar3], [{:cowboy, "~> 2.7", [hex: :cowboy, repo: "hexpm", optional: false]}, {:telemetry, "~> 1.0", [hex: :telemetry, repo: "hexpm", optional: false]}], "hexpm", "7d98bac1ee4565d31b62d59f8823dfd8356a169e7fcbb83831b8a5397404c9de"},
  "cowlib": {:hex, :cowlib, "2.16.1", "318d385d55f657e9a5005838c4e426e13dcd724a691438384b6165a69687e531", [:make, :rebar3], [], "hexpm", "58f1e425a9e04176f1d30e20116f57c4e90ef0e187552e9741c465bdf4044f70"},
  "db_connection": {:hex, :db_connection, "2.10.1", "d5465f6bcc125c1b8981c1dbf23c193ca16f446ec0b25832dc174f74f18be510", [:mix], [{:telemetry, "~> 0.4 or ~> 1.0", [hex: :telemetry, repo: "hexpm", optional: false]}], "hexpm", "18ed94c6e627b4bf452dbd4df61b69a35a1e768525140bc1917b7a685026a6a3"},
  "decimal": {:hex, :decimal, "2.4.1", "6c0fbede12fb122ba685e9ab41c6a40c129e322b3aa192f9e072e61f3a6ffaf2", [:mix], [], "hexpm", "7e618897933a8455f19a727d7c5e50a2c071a544b700e5e724298ecb4340187f"},
  "dialyxir": {:hex, :dialyxir, "0.5.1", "b331b091720fd93e878137add264bac4f644e1ddae07a70bf7062c7862c4b952", [:mix], [], "hexpm", "6c32a70ed5d452c6650916555b1f96c79af5fc4bf286997f8b15f213de786f73"},
  "earmark": {:hex, :earmark, "1.4.49", "024521298c2308f0193ba7a5df742a5e901dad03cd44ba57f861d3f0fada5d1b", [:mix], [], "hexpm", "ffad0257b92ac342b236d1744f7f19793da77bbd7281f32ccdfb44c047a05bf2"},
  "earmark_parser": {:hex, :earmark_parser, "1.4.26", "f4291134583f373c7d8755566122908eb9662df4c4b63caa66a0eabe06569b0a", [:mix], [], "hexpm", "48d460899f8a0c52c5470676611c01f64f3337bad0b26ddab43648428d94aabc"},
  "ecto": {:hex, :ecto, "3.13.6", "352135b474f91d1ab99a1b502171d207e9db60421c9e3d0ecab4c7ab96b24d14", [:mix], [{:decimal, "~> 2.0 or ~> 3.0", [hex: :decimal, repo: "hexpm", optional: false]}, {:jason, "~> 1.0", [hex: :jason, repo: "hexpm", optional: true]}, {:telemetry, "~> 0.4 or ~> 1.0", [hex: :telemetry, repo: "hexpm", optional: false]}], "hexpm", "8afa059bc16cd2c94739ec0a11e3e5df69d828125119109bef35f20a21a76af2"},
  "ecto_sql": {:hex, :ecto_sql, "3.13.5", "2f8282b2ad97bf0f0d3217ea0a6fff320ead9e2f8770f810141189d182dc304e", [:mix], [{:db_connection, "~> 2.4.1 or ~> 2.5", [hex: :db_connection, repo: "hexpm", optional: false]}, {:ecto, "~> 3.13.0", [hex: :ecto, repo: "hexpm", optional: false]}, {:myxql, "~> 0.7", [hex: :myxql, repo: "hexpm", optional: true]}, {:postgrex, "~> 0.19 or ~> 1.0", [hex: :postgrex, repo: "hexpm", optional: true]}, {:tds, "~> 2.1.1 or ~> 2.2", [hex: :tds, repo: "hexpm", optional: true]}, {:telemetry, "~> 0.4.0 or ~> 1.0", [hex: :telemetry, repo: "hexpm", optional: false]}], "hexpm", "aa36751f4e6a2b56ae79efb0e088042e010ff4935fc8684e74c23b1f49e25fdc"},
  "ecto_sqlite3": {:hex, :ecto_sqlite3, "0.23.0", "79da75815627582f081f00d418c130c4cf587672b720b54e7a8798c6d46b5415", [:mix], [{:decimal, "~> 2.0 or ~> 3.0", [hex: :decimal, repo: "hexpm", optional: false]}, {:ecto, "~> 3.13.0", [hex: :ecto, repo: "hexpm", optional: false]}, {:ecto_sql, "~> 3.13.0", [hex: :ecto_sql, repo: "hexpm", optional: false]}, {:exqlite, "~> 0.22", [hex: :exqlite, repo: "hexpm", optional: false]}], "hexpm", "e97041bcec746ed525df7d9ad996fbae3b0660767f99fbe9e9b58d6208729703"},
  "elixir_make": {:hex, :elixir_make, "0.9.0", "6484b3cd8c0cee58f09f05ecaf1a140a8c97670671a6a0e7ab4dc326c3109726", [:mix], [], "hexpm", "db23d4fd8b757462ad02f8aa73431a426fe6671c80b200d9710caf3d1dd0ffdb"},
  "esbuild": {:hex, :esbuild, "0.10.0", "b0aa3388a1c23e727c5a3e7427c932d89ee791746b0081bbe56103e9ef3d291f", [:mix], [{:jason, "~> 1.4", [hex: :jason, repo: "hexpm", optional: false]}], "hexpm", "468489cda427b974a7cc9f03ace55368a83e1a7be12fba7e30969af78e5f8c70"},
  "exirc": {:hex, :exirc, "2.0.0", "6b3b8da6d56096a2a613f3688ef05ed52d235a95566e889e885409c307b218b6", [:mix], [], "hexpm", "aba949c7e60ce4bbf1954d78ede33825ffe2fa01e840edd843ddc8f3775e7390"},
  "exla": {:hex, :exla, "0.10.0", "93e7d75a774fbc06ce05b96de20c4b01bda413b315238cb3c727c09a05d2bc3a", [:make, :mix], [{:elixir_make, "~> 0.6", [hex: :elixir_make, repo: "hexpm", optional: false]}, {:fine, "~> 0.1.0", [hex: :fine, repo: "hexpm", optional: false]}, {:nimble_pool, "~> 1.0", [hex: :nimble_pool, repo: "hexpm", optional: false]}, {:nx, "~> 0.10.0", [hex: :nx, repo: "hexpm", optional: false]}, {:telemetry, "~> 0.4.0 or ~> 1.0", [hex: :telemetry, repo: "hexpm", optional: false]}, {:xla, "~> 0.9.0", [hex: :xla, repo: "hexpm", optional: false]}], "hexpm", "16fffdb64667d7f0a3bc683fdcd2792b143a9b345e4b1f1d5cd50330c63d8119"},
  "exqlite": {:hex, :exqlite, "0.36.0", "07b4f95d61cb82b8d52946d0639497fa7d32117e09b2c8d25e24a38723c295cb", [:make, :mix], [{:cc_precompiler, "~> 0.1", [hex: :cc_precompiler, repo: "hexpm", optional: false]}, {:db_connection, "~> 2.1", [hex: :db_connection, repo: "hexpm", optional: false]}, {:elixir_make, "~> 0.8", [hex: :elixir_make, repo: "hexpm", optional: false]}, {:table, "~> 0.1.0", [hex: :table, repo: "hexpm", optional: true]}], "hexpm", "cbeca3ce781f9ff07cfa9a87486f3ebd512a143ad6a14ed5c9fca21fe0bf3ae7"},
  "file_system": {:hex, :file_system, "1.1.1", "31864f4685b0148f25bd3fbef2b1228457c0c89024ad67f7a81a3ffbc0bbad3a", [:mix], [], "hexpm", "7a15ff97dfe526aeefb090a7a9d3d03aa907e100e262a0f8f7746b78f8f87a5d"},
  "finch": {:hex, :finch, "0.18.0", "944ac7d34d0bd2ac8998f79f7a811b21d87d911e77a786bc5810adb75632ada4", [:mix], [{:castore, "~> 0.1 or ~> 1.0", [hex: :castore, repo: "hexpm", optional: false]}, {:mime, "~> 1.0 or ~> 2.0", [hex: :mime, repo: "hexpm", optional: false]}, {:mint, "~> 1.3", [hex: :mint, repo: "hexpm", optional: false]}, {:nimble_options, "~> 0.4 or ~> 1.0", [hex: :nimble_options, repo: "hexpm", optional: false]}, {:nimble_pool, "~> 0.2.6 or ~> 1.0", [hex: :nimble_pool, repo: "hexpm", optional: false]}, {:telemetry, "~> 0.4 or ~> 1.0", [hex: :telemetry, repo: "hexpm", optional: false]}], "hexpm", "69f5045b042e531e53edc2574f15e25e735b522c37e2ddb766e15b979e03aa65"},
  "fine": {:hex, :fine, "0.1.1", "df2ce44e438bed0061627e10c470873c69374ee7390a51bc612c2358ad37d556", [:mix], [], "hexpm", "41335526b82cf2c196d2588cd54d4504480e2e6ead24f2c07ae0c1cf40af61e5"},
  "fresh": {:hex, :fresh, "0.4.4", "9d67a1d97112e70f4dfabd63b40e4b182ef64dfa84a2d9ee175eb4e34591e9f7", [:mix], [{:castore, "~> 1.0", [hex: :castore, repo: "hexpm", optional: false]}, {:mint, "~> 1.5", [hex: :mint, repo: "hexpm", optional: false]}, {:mint_web_socket, "~> 1.0", [hex: :mint_web_socket, repo: "hexpm", optional: false]}], "hexpm", "ba21d3fa0aa77bf18ca397e4c851de7432bb3f9c170a1645a16e09e4bba54315"},
  "gettext": {:hex, :gettext, "0.20.0", "75ad71de05f2ef56991dbae224d35c68b098dd0e26918def5bb45591d5c8d429", [:mix], [], "hexpm", "1c03b177435e93a47441d7f681a7040bd2a816ece9e2666d1c9001035121eb3d"},
  "hackney": {:hex, :hackney, "1.25.0", "390e9b83f31e5b325b9f43b76e1a785cbdb69b5b6cd4e079aa67835ded046867", [:rebar3], [{:certifi, "~> 2.15.0", [hex: :certifi, repo: "hexpm", optional: false]}, {:idna, "~> 6.1.0", [hex: :idna, repo: "hexpm", optional: false]}, {:metrics, "~> 1.0.0", [hex: :metrics, repo: "hexpm", optional: false]}, {:mimerl, "~> 1.4", [hex: :mimerl, repo: "hexpm", optional: false]}, {:parse_trans, "3.4.1", [hex: :parse_trans, repo: "hexpm", optional: false]}, {:ssl_verify_fun, "~> 1.1.0", [hex: :ssl_verify_fun, repo: "hexpm", optional: false]}, {:unicode_util_compat, "~> 0.7.1", [hex: :unicode_util_compat, repo: "hexpm", optional: false]}], "hexpm", "7209bfd75fd1f42467211ff8f59ea74d6f2a9e81cbcee95a56711ee79fd6b1d4"},
  "hpax": {:hex, :hpax, "0.2.0", "5a58219adcb75977b2edce5eb22051de9362f08236220c9e859a47111c194ff5", [:mix], [], "hexpm", "bea06558cdae85bed075e6c036993d43cd54d447f76d8190a8db0dc5893fa2f1"},
  "httpoison": {:hex, :httpoison, "1.8.2", "9eb9c63ae289296a544842ef816a85d881d4a31f518a0fec089aaa744beae290", [:mix], [{:hackney, "~> 1.17", [hex: :hackney, repo: "hexpm", optional: false]}], "hexpm", "2bb350d26972e30c96e2ca74a1aaf8293d61d0742ff17f01e0279fef11599921"},
  "idna": {:hex, :idna, "6.1.1", "8a63070e9f7d0c62eb9d9fcb360a7de382448200fbbd1b106cc96d3d8099df8d", [:rebar3], [{:unicode_util_compat, "~>0.7.0", [hex: :unicode_util_compat, repo: "hexpm", optional: false]}], "hexpm", "92376eb7894412ed19ac475e4a86f7b413c1b9fbb5bd16dccd57934157944cea"},
  "jason": {:hex, :jason, "1.4.5", "2e3a008590b0b8d7388c20293e9dcc9cf3e5d642fd2a114e4cbbb52e595d940a", [:mix], [{:decimal, "~> 1.0 or ~> 2.0 or ~> 3.0", [hex: :decimal, repo: "hexpm", optional: true]}], "hexpm", "b0c823996102bcd0239b3c2444eb00409b72f6a140c1950bc8b457d836b30684"},
  "metrics": {:hex, :metrics, "1.0.1", "25f094dea2cda98213cecc3aeff09e940299d950904393b2a29d191c346a8486", [:rebar3], [], "hexpm", "69b09adddc4f74a40716ae54d140f93beb0fb8978d8636eaded0c31b6f099f16"},
  "mime": {:hex, :mime, "2.0.7", "b8d739037be7cd402aee1ba0306edfdef982687ee7e9859bee6198c1e7e2f128", [:mix], [], "hexpm", "6171188e399ee16023ffc5b76ce445eb6d9672e2e241d2df6050f3c771e80ccd"},
  "mimerl": {:hex, :mimerl, "1.5.0", "f35aca6f23242339b3666e0ac0702379e362b469d0aea167f6cc713547e777ed", [:rebar3], [], "hexpm", "db648ce065bae14ea84ca8b5dd123f42f49417cef693541110bf6f9e9be9ecc4"},
  "mint": {:hex, :mint, "1.6.0", "88a4f91cd690508a04ff1c3e28952f322528934be541844d54e0ceb765f01d5e", [:mix], [{:castore, "~> 0.1.0 or ~> 1.0", [hex: :castore, repo: "hexpm", optional: true]}, {:hpax, "~> 0.1.1 or ~> 0.2.0", [hex: :hpax, repo: "hexpm", optional: false]}], "hexpm", "3c5ae85d90a5aca0a49c0d8b67360bbe407f3b54f1030a111047ff988e8fefaa"},
  "mint_web_socket": {:hex, :mint_web_socket, "1.0.3", "aab42fff792a74649916236d0b01f560a0b3f03ca5dea693c230d1c44736b50e", [:mix], [{:mint, ">= 1.4.1 and < 2.0.0-0", [hex: :mint, repo: "hexpm", optional: false]}], "hexpm", "ca3810ca44cc8532e3dce499cc17f958596695d226bb578b2fbb88c09b5954b0"},
  "nimble_options": {:hex, :nimble_options, "1.1.0", "3b31a57ede9cb1502071fade751ab0c7b8dbe75a9a4c2b5bbb0943a690b63172", [:mix], [], "hexpm", "8bbbb3941af3ca9acc7835f5655ea062111c9c27bcac53e004460dfd19008a99"},
  "nimble_ownership": {:hex, :nimble_ownership, "0.3.1", "99d5244672fafdfac89bfad3d3ab8f0d367603ce1dc4855f86a1c75008bce56f", [:mix], [], "hexpm", "4bf510adedff0449a1d6e200e43e57a814794c8b5b6439071274d248d272a549"},
  "nimble_pool": {:hex, :nimble_pool, "1.1.0", "bf9c29fbdcba3564a8b800d1eeb5a3c58f36e1e11d7b7fb2e084a643f645f06b", [:mix], [], "hexpm", "af2e4e6b34197db81f7aad230c1118eac993acc0dae6bc83bac0126d4ae0813a"},
  "nx": {:hex, :nx, "0.10.0", "128e4a094cb790f663e20e1334b127c1f2a4df54edfb8b13c22757ec33133b4f", [:mix], [{:complex, "~> 0.6", [hex: :complex, repo: "hexpm", optional: false]}, {:telemetry, "~> 0.4.0 or ~> 1.0", [hex: :telemetry, repo: "hexpm", optional: false]}], "hexpm", "3db8892c124aeee091df0e6fbf8e5bf1b81f502eb0d4f5ba63e6378ebcae7da4"},
  "nx_image": {:hex, :nx_image, "0.1.2", "0c6e3453c1dc30fc80c723a54861204304cebc8a89ed3b806b972c73ee5d119d", [:mix], [{:nx, "~> 0.4", [hex: :nx, repo: "hexpm", optional: false]}], "hexpm", "9161863c42405ddccb6dbbbeae078ad23e30201509cc804b3b3a7c9e98764b81"},
  "nx_signal": {:hex, :nx_signal, "0.2.0", "e1ca0318877b17c81ce8906329f5125f1e2361e4c4235a5baac8a95ee88ea98e", [:mix], [{:nx, "~> 0.6", [hex: :nx, repo: "hexpm", optional: false]}], "hexpm", "7247e5e18a177a59c4cb5355952900c62fdeadeb2bad02a9a34237b68744e2bb"},
  "oauth2": {:hex, :oauth2, "2.1.0", "beb657f393814a3a7a8a15bd5e5776ecae341fd344df425342a3b6f1904c2989", [:mix], [{:tesla, "~> 1.5", [hex: :tesla, repo: "hexpm", optional: false]}], "hexpm", "8ac07f85b3307dd1acfeb0ec852f64161b22f57d0ce0c15e616a1dfc8ebe2b41"},
  "org": {:hex, :org, "0.1.1", "8b0f5db0773a24243122add2e12d6d46f7e7076547db299795aa1764e084cc1e", [:mix], [{:dialyxir, "~> 0.5.1", [hex: :dialyxir, repo: "hexpm", optional: false]}], "hexpm", "a3d2c90df81d2a1c289e1a785c9cc9f285b21a49e41eca2272f4a5c1b137eca4"},
  "parse_trans": {:hex, :parse_trans, "3.4.1", "6e6aa8167cb44cc8f39441d05193be6e6f4e7c2946cb2759f015f8c56b76e5ff", [:rebar3], [], "hexpm", "620a406ce75dada827b82e453c19cf06776be266f5a67cff34e1ef2cbb60e49a"},
  "phoenix": {:hex, :phoenix, "1.8.7", "d8d755b4ff4b449f610223dd706b4ae64155cb720d3dc09c706c079ecea189e4", [:mix], [{:bandit, "~> 1.0", [hex: :bandit, repo: "hexpm", optional: true]}, {:jason, "~> 1.0", [hex: :jason, repo: "hexpm", optional: true]}, {:phoenix_pubsub, "~> 2.1", [hex: :phoenix_pubsub, repo: "hexpm", optional: false]}, {:phoenix_template, "~> 1.0", [hex: :phoenix_template, repo: "hexpm", optional: false]}, {:phoenix_view, "~> 2.0", [hex: :phoenix_view, repo: "hexpm", optional: true]}, {:plug, "~> 1.14", [hex: :plug, repo: "hexpm", optional: false]}, {:plug_cowboy, "~> 2.7", [hex: :plug_cowboy, repo: "hexpm", optional: true]}, {:plug_crypto, "~> 1.2 or ~> 2.0", [hex: :plug_crypto, repo: "hexpm", optional: false]}, {:telemetry, "~> 0.4 or ~> 1.0", [hex: :telemetry, repo: "hexpm", optional: false]}, {:websock_adapter, "~> 0.5.3", [hex: :websock_adapter, repo: "hexpm", optional: false]}], "hexpm", "47352f72d6ab31009ef77516b1b3a14745be97b54061fd458031b9d8294869d5"},
  "phoenix_ecto": {:hex, :phoenix_ecto, "4.7.0", "75c4b9dfb3efdc42aec2bd5f8bccd978aca0651dbcbc7a3f362ea5d9d43153c6", [:mix], [{:ecto, "~> 3.5", [hex: :ecto, repo: "hexpm", optional: false]}, {:phoenix_html, "~> 2.14.2 or ~> 3.0 or ~> 4.1", [hex: :phoenix_html, repo: "hexpm", optional: true]}, {:plug, "~> 1.9", [hex: :plug, repo: "hexpm", optional: false]}, {:postgrex, "~> 0.16 or ~> 1.0", [hex: :postgrex, repo: "hexpm", optional: true]}], "hexpm", "1d75011e4254cb4ddf823e81823a9629559a1be93b4321a6a5f11a5306fbf4cc"},
  "phoenix_html": {:hex, :phoenix_html, "3.3.4", "42a09fc443bbc1da37e372a5c8e6755d046f22b9b11343bf885067357da21cb3", [:mix], [{:plug, "~> 1.5", [hex: :plug, repo: "hexpm", optional: true]}], "hexpm", "0249d3abec3714aff3415e7ee3d9786cb325be3151e6c4b3021502c585bf53fb"},
  "phoenix_live_dashboard": {:hex, :phoenix_live_dashboard, "0.8.7", "405880012cb4b706f26dd1c6349125bfc903fb9e44d1ea668adaf4e04d4884b7", [:mix], [{:ecto, "~> 3.6.2 or ~> 3.7", [hex: :ecto, repo: "hexpm", optional: true]}, {:ecto_mysql_extras, "~> 0.5", [hex: :ecto_mysql_extras, repo: "hexpm", optional: true]}, {:ecto_psql_extras, "~> 0.7", [hex: :ecto_psql_extras, repo: "hexpm", optional: true]}, {:ecto_sqlite3_extras, "~> 1.1.7 or ~> 1.2.0", [hex: :ecto_sqlite3_extras, repo: "hexpm", optional: true]}, {:mime, "~> 1.6 or ~> 2.0", [hex: :mime, repo: "hexpm", optional: false]}, {:phoenix_live_view, "~> 0.19 or ~> 1.0", [hex: :phoenix_live_view, repo: "hexpm", optional: false]}, {:telemetry_metrics, "~> 0.6 or ~> 1.0", [hex: :telemetry_metrics, repo: "hexpm", optional: false]}], "hexpm", "3a8625cab39ec261d48a13b7468dc619c0ede099601b084e343968309bd4d7d7"},
  "phoenix_live_reload": {:hex, :phoenix_live_reload, "1.6.2", "b18b0773a1ba77f28c52decbb0f10fd1ac4d3ae5b8632399bbf6986e3b665f62", [:mix], [{:file_system, "~> 0.2.10 or ~> 1.0", [hex: :file_system, repo: "hexpm", optional: false]}, {:phoenix, "~> 1.4", [hex: :phoenix, repo: "hexpm", optional: false]}], "hexpm", "d1f89c18114c50d394721365ffb428cce24f1c13de0467ffa773e2ff4a30d5b9"},
  "phoenix_live_view": {:hex, :phoenix_live_view, "1.1.31", "c45c85df509dd79c917bc530e26c71299e3920850f65ea52ab6a19ccee66875a", [:mix], [{:igniter, ">= 0.6.16 and < 1.0.0-0", [hex: :igniter, repo: "hexpm", optional: true]}, {:jason, "~> 1.0", [hex: :jason, repo: "hexpm", optional: true]}, {:lazy_html, "~> 0.1.0", [hex: :lazy_html, repo: "hexpm", optional: true]}, {:phoenix, "~> 1.6.15 or ~> 1.7.0 or ~> 1.8.0-rc", [hex: :phoenix, repo: "hexpm", optional: false]}, {:phoenix_html, "~> 3.3 or ~> 4.0", [hex: :phoenix_html, repo: "hexpm", optional: false]}, {:phoenix_template, "~> 1.0", [hex: :phoenix_template, repo: "hexpm", optional: false]}, {:phoenix_view, "~> 2.0", [hex: :phoenix_view, repo: "hexpm", optional: true]}, {:plug, "~> 1.15", [hex: :plug, repo: "hexpm", optional: false]}, {:telemetry, "~> 0.4.2 or ~> 1.0", [hex: :telemetry, repo: "hexpm", optional: false]}], "hexpm", "2f53cc6a9e149f30449341c2775990819d97e3b22338fe719c4d30342e6f9638"},
  "phoenix_pubsub": {:hex, :phoenix_pubsub, "2.2.0", "ff3a5616e1bed6804de7773b92cbccfc0b0f473faf1f63d7daf1206c7aeaaa6f", [:mix], [], "hexpm", "adc313a5bf7136039f63cfd9668fde73bba0765e0614cba80c06ac9460ff3e96"},
  "phoenix_template": {:hex, :phoenix_template, "1.0.4", "e2092c132f3b5e5b2d49c96695342eb36d0ed514c5b252a77048d5969330d639", [:mix], [{:phoenix_html, "~> 2.14.2 or ~> 3.0 or ~> 4.0", [hex: :phoenix_html, repo: "hexpm", optional: true]}], "hexpm", "2c0c81f0e5c6753faf5cca2f229c9709919aba34fab866d3bc05060c9c444206"},
  "phoenix_view": {:hex, :phoenix_view, "2.0.4", "b45c9d9cf15b3a1af5fb555c674b525391b6a1fe975f040fb4d913397b31abf4", [:mix], [{:phoenix_html, "~> 2.14.2 or ~> 3.0 or ~> 4.0", [hex: :phoenix_html, repo: "hexpm", optional: true]}, {:phoenix_template, "~> 1.0", [hex: :phoenix_template, repo: "hexpm", optional: false]}], "hexpm", "4e992022ce14f31fe57335db27a28154afcc94e9983266835bb3040243eb620b"},
  "plug": {:hex, :plug, "1.19.2", "e4950525b22c6789dfb38a3f95d47171ba159da3fc5a33be9643b43d5e8adb98", [:mix], [{:mime, "~> 1.0 or ~> 2.0", [hex: :mime, repo: "hexpm", optional: false]}, {:plug_crypto, "~> 1.1.1 or ~> 1.2 or ~> 2.0", [hex: :plug_crypto, repo: "hexpm", optional: false]}, {:telemetry, "~> 0.4.3 or ~> 1.0", [hex: :telemetry, repo: "hexpm", optional: false]}], "hexpm", "b6fce20a56af5e60fa5dfecf3f907bb98ec981be43c79a3809a499bc3d133de0"},
  "plug_cowboy": {:hex, :plug_cowboy, "2.8.1", "5aa391a5e8d1ac3192e36a3bcaff12b5fd6ef6c7e29b53a38e63a860783e77d0", [:mix], [{:cowboy, "~> 2.7", [hex: :cowboy, repo: "hexpm", optional: false]}, {:cowboy_telemetry, "~> 0.3", [hex: :cowboy_telemetry, repo: "hexpm", optional: false]}, {:plug, "~> 1.14", [hex: :plug, repo: "hexpm", optional: false]}], "hexpm", "4c200288673d5bc86a0ab7dc6a2a069176a74e5d573ef62740a1c517458a5f26"},
  "plug_crypto": {:hex, :plug_crypto, "2.1.1", "19bda8184399cb24afa10be734f84a16ea0a2bc65054e23a62bb10f06bc89491", [:mix], [], "hexpm", "6470bce6ffe41c8bd497612ffde1a7e4af67f36a15eea5f921af71cf3e11247c"},
  "poison": {:hex, :poison, "3.1.0", "d9eb636610e096f86f25d9a46f35a9facac35609a7591b3be3326e99a0484665", [:mix], [], "hexpm", "fec8660eb7733ee4117b85f55799fd3833eb769a6df71ccf8903e8dc5447cfce"},
  "polaris": {:hex, :polaris, "0.1.0", "dca61b18e3e801ecdae6ac9f0eca5f19792b44a5cb4b8d63db50fc40fc038d22", [:mix], [{:nx, "~> 0.5", [hex: :nx, repo: "hexpm", optional: false]}], "hexpm", "13ef2b166650e533cb24b10e2f3b8ab4f2f449ba4d63156e8c569527f206e2c2"},
  "progress_bar": {:hex, :progress_bar, "3.0.0", "f54ff038c2ac540cfbb4c2bfe97c75e7116ead044f3c2b10c9f212452194b5cd", [:mix], [{:decimal, "~> 2.0", [hex: :decimal, repo: "hexpm", optional: false]}], "hexpm", "6981c2b25ab24aecc91a2dc46623658e1399c21a2ae24db986b90d678530f2b7"},
  "ranch": {:hex, :ranch, "2.2.0", "25528f82bc8d7c6152c57666ca99ec716510fe0925cb188172f41ce93117b1b0", [:make, :rebar3], [], "hexpm", "fa0b99a1780c80218a4197a59ea8d3bdae32fbff7e88527d7d8a4787eff4f8e7"},
  "req": {:hex, :req, "0.4.14", "103de133a076a31044e5458e0f850d5681eef23dfabf3ea34af63212e3b902e2", [:mix], [{:aws_signature, "~> 0.3.2", [hex: :aws_signature, repo: "hexpm", optional: true]}, {:brotli, "~> 0.3.1", [hex: :brotli, repo: "hexpm", optional: true]}, {:ezstd, "~> 1.0", [hex: :ezstd, repo: "hexpm", optional: true]}, {:finch, "~> 0.17", [hex: :finch, repo: "hexpm", optional: false]}, {:jason, "~> 1.0", [hex: :jason, repo: "hexpm", optional: false]}, {:mime, "~> 1.6 or ~> 2.0", [hex: :mime, repo: "hexpm", optional: false]}, {:nimble_csv, "~> 1.0", [hex: :nimble_csv, repo: "hexpm", optional: true]}, {:nimble_ownership, "~> 0.2.0 or ~> 0.3.0", [hex: :nimble_ownership, repo: "hexpm", optional: false]}, {:plug, "~> 1.0", [hex: :plug, repo: "hexpm", optional: true]}], "hexpm", "2ddd3d33f9ab714ced8d3c15fd03db40c14dbf129003c4a3eb80fac2cc0b1b08"},
  "rustler_precompiled": {:hex, :rustler_precompiled, "0.8.2", "5f25cbe220a8fac3e7ad62e6f950fcdca5a5a5f8501835d2823e8c74bf4268d5", [:mix], [{:castore, "~> 0.1 or ~> 1.0", [hex: :castore, repo: "hexpm", optional: false]}, {:rustler, "~> 0.23", [hex: :rustler, repo: "hexpm", optional: true]}], "hexpm", "63d1bd5f8e23096d1ff851839923162096364bac8656a4a3c00d1fff8e83ee0a"},
  "safetensors": {:hex, :safetensors, "0.1.3", "7ff3c22391e213289c713898481d492c9c28a49ab1d0705b72630fb8360426b2", [:mix], [{:jason, "~> 1.4", [hex: :jason, repo: "hexpm", optional: false]}, {:nx, "~> 0.5", [hex: :nx, repo: "hexpm", optional: false]}], "hexpm", "fe50b53ea59fde4e723dd1a2e31cfdc6013e69343afac84c6be86d6d7c562c14"},
  "spotify_ex": {:hex, :spotify_ex, "2.4.0", "9627d383544723f2977c5a690646948fdeedb890bfc97537ac32f73a73355293", [:mix], [{:httpoison, "~> 1.0", [hex: :httpoison, repo: "hexpm", optional: false]}, {:plug, ">= 1.4.5", [hex: :plug, repo: "hexpm", optional: false]}, {:poison, "~> 3.1", [hex: :poison, repo: "hexpm", optional: false]}], "hexpm", "c11a76ef5d88d7a8c983310b3556b370d8b5d35a60bee73da9f45c411ecebc72"},
  "ssl_verify_fun": {:hex, :ssl_verify_fun, "1.1.7", "354c321cf377240c7b8716899e182ce4890c5938111a1296add3ec74cf1715df", [:make, :mix, :rebar3], [], "hexpm", "fe4c190e8f37401d30167c8c405eda19469f34577987c76dde613e838bbc67f8"},
  "telemetry": {:hex, :telemetry, "1.4.2", "a0cb522801dffb1c49fe6e30561badffc7b6d0e180db1300df759faa22062855", [:rebar3], [], "hexpm", "928f6495066506077862c0d1646609eed891a4326bee3126ba54b60af61febb1"},
  "telemetry_metrics": {:hex, :telemetry_metrics, "0.6.2", "2caabe9344ec17eafe5403304771c3539f3b6e2f7fb6a6f602558c825d0d0bfb", [:mix], [{:telemetry, "~> 0.4 or ~> 1.0", [hex: :telemetry, repo: "hexpm", optional: false]}], "hexpm", "9b43db0dc33863930b9ef9d27137e78974756f5f198cae18409970ed6fa5b561"},
  "telemetry_poller": {:hex, :telemetry_poller, "1.3.0", "d5c46420126b5ac2d72bc6580fb4f537d35e851cc0f8dbd571acf6d6e10f5ec7", [:rebar3], [{:telemetry, "~> 1.0", [hex: :telemetry, repo: "hexpm", optional: false]}], "hexpm", "51f18bed7128544a50f75897db9974436ea9bfba560420b646af27a9a9b35211"},
  "tesla": {:hex, :tesla, "1.9.0", "8c22db6a826e56a087eeb8cdef56889731287f53feeb3f361dec5d4c8efb6f14", [:mix], [{:castore, "~> 0.1 or ~> 1.0", [hex: :castore, repo: "hexpm", optional: true]}, {:exjsx, ">= 3.0.0", [hex: :exjsx, repo: "hexpm", optional: true]}, {:finch, "~> 0.13", [hex: :finch, repo: "hexpm", optional: true]}, {:fuse, "~> 2.4", [hex: :fuse, repo: "hexpm", optional: true]}, {:gun, ">= 1.0.0", [hex: :gun, repo: "hexpm", optional: true]}, {:hackney, "~> 1.6", [hex: :hackney, repo: "hexpm", optional: true]}, {:ibrowse, "4.4.2", [hex: :ibrowse, repo: "hexpm", optional: true]}, {:jason, ">= 1.0.0", [hex: :jason, repo: "hexpm", optional: true]}, {:mime, "~> 1.0 or ~> 2.0", [hex: :mime, repo: "hexpm", optional: false]}, {:mint, "~> 1.0", [hex: :mint, repo: "hexpm", optional: true]}, {:msgpax, "~> 2.3", [hex: :msgpax, repo: "hexpm", optional: true]}, {:poison, ">= 1.0.0", [hex: :poison, repo: "hexpm", optional: true]}, {:telemetry, "~> 0.4 or ~> 1.0", [hex: :telemetry, repo: "hexpm", optional: true]}], "hexpm", "7c240c67e855f7e63e795bf16d6b3f5115a81d1f44b7fe4eadbf656bae0fef8a"},
  "tokenizers": {:hex, :tokenizers, "0.5.1", "b0975d92b4ee5b18e8f47b5d65b9d5f1e583d9130189b1a2620401af4e7d4b35", [:mix], [{:castore, "~> 0.1 or ~> 1.0", [hex: :castore, repo: "hexpm", optional: false]}, {:rustler, ">= 0.0.0", [hex: :rustler, repo: "hexpm", optional: true]}, {:rustler_precompiled, "~> 0.6", [hex: :rustler_precompiled, repo: "hexpm", optional: false]}], "hexpm", "5f08d97cc7f2ed3d71d370d68120da6d3de010948ccf676c9c0eb591ba4bacc9"},
  "ueberauth": {:hex, :ueberauth, "0.10.8", "ba78fbcbb27d811a6cd06ad851793aaf7d27c3b30c9e95349c2c362b344cd8f0", [:mix], [{:plug, "~> 1.5", [hex: :plug, repo: "hexpm", optional: false]}], "hexpm", "f2d3172e52821375bccb8460e5fa5cb91cfd60b19b636b6e57e9759b6f8c10c1"},
  "ueberauth_twitch": {:hex, :ueberauth_twitch, "0.2.0", "4a5cd449e79c7d098c42c5ad1415e4b616789eb5d6d9d3301f8ef96e88140ce3", [:mix], [{:oauth2, "~> 2.0", [hex: :oauth2, repo: "hexpm", optional: false]}, {:ueberauth, "~> 0.7", [hex: :ueberauth, repo: "hexpm", optional: false]}], "hexpm", "14110e48f8ddf7a48523d113ac6ae5a46bb8cc12b72e3e5fc3f3ce758fec4ab6"},
  "unicode_util_compat": {:hex, :unicode_util_compat, "0.7.1", "a48703a25c170eedadca83b11e88985af08d35f37c6f664d6dcfb106a97782fc", [:rebar3], [], "hexpm", "b3a917854ce3ae233619744ad1e0102e05673136776fb2fa76234f3e03b23642"},
  "unpickler": {:hex, :unpickler, "0.1.0", "c2262c0819e6985b761e7107546cef96a485f401816be5304a65fdd200d5bd6a", [:mix], [], "hexpm", "e2b3f61e62406187ac52afead8a63bfb4e49394028993f3c4c42712743cab79e"},
  "unzip": {:hex, :unzip, "0.12.0", "beed92238724732418b41eba77dcb7f51e235b707406c05b1732a3052d1c0f36", [:mix], [], "hexpm", "95655b72db368e5a84951f0bed586ac053b55ee3815fd96062fce10ce4fc998d"},
  "websock": {:hex, :websock, "0.5.3", "2f69a6ebe810328555b6fe5c831a851f485e303a7c8ce6c5f675abeb20ebdadc", [:mix], [], "hexpm", "6105453d7fac22c712ad66fab1d45abdf049868f253cf719b625151460b8b453"},
  "websock_adapter": {:hex, :websock_adapter, "0.5.9", "43dc3ba6d89ef5dec5b1d0a39698436a1e856d000d84bf31a3149862b01a287f", [:mix], [{:bandit, ">= 0.6.0", [hex: :bandit, repo: "hexpm", optional: true]}, {:plug, "~> 1.14", [hex: :plug, repo: "hexpm", optional: false]}, {:plug_cowboy, "~> 2.6", [hex: :plug_cowboy, repo: "hexpm", optional: true]}, {:websock, "~> 0.5", [hex: :websock, repo: "hexpm", optional: false]}], "hexpm", "5534d5c9adad3c18a0f58a9371220d75a803bf0b9a3d87e6fe072faaeed76a08"},
  "websockex": {:hex, :websockex, "0.4.3", "92b7905769c79c6480c02daacaca2ddd49de936d912976a4d3c923723b647bf0", [:mix], [], "hexpm", "95f2e7072b85a3a4cc385602d42115b73ce0b74a9121d0d6dbbf557645ac53e4"},
  "xla": {:hex, :xla, "0.9.1", "cca0040ff94902764007a118871bfc667f1a0085d4a5074533a47d6b58bec61e", [:make, :mix], [{:elixir_make, "~> 0.4", [hex: :elixir_make, repo: "hexpm", optional: false]}], "hexpm", "eb5e443ae5391b1953f253e051f2307bea183b59acee138053a9300779930daf"},
}
